
Microsoft Visual Studio Solution File, Format Version 12.00
# Visual Studio Version 18
VisualStudioVersion = 18.4.11626.88
MinimumVisualStudioVersion = 10.0.40219.1
Project("{FAE04EC0-301F-11D3-BF4B-00C04F79EFBC}") = "POS.DAL", "src\POS.DAL\POS.DAL.csproj", "{6566E3B4-46AF-4B90-8394-A3C3358B716F}"
EndProject
Project("{FAE04EC0-301F-11D3-BF4B-00C04F79EFBC}") = "POS.BLL", "src\POS.BLL\POS.BLL.csproj", "{68C662EB-9E41-40B5-B1A9-31B27CF61C68}"
EndProject
Project("{FAE04EC0-301F-11D3-BF4B-00C04F79EFBC}") = "POS.UI", "src\POS.UI\POS.UI.csproj", "{F06E5282-D44B-418D-BC20-BE04641E9536}"
EndProject
Global
	GlobalSection(SolutionConfigurationPlatforms) = preSolution
		Debug|Any CPU = Debug|Any CPU
		Release|Any CPU = Release|Any CPU
	EndGlobalSection
	GlobalSection(ProjectConfigurationPlatforms) = postSolution
		{6566E3B4-46AF-4B90-8394-A3C3358B716F}.Debug|Any CPU.ActiveCfg = Debug|Any CPU
		{6566E3B4-46AF-4B90-8394-A3C3358B716F}.Debug|Any CPU.Build.0 = Debug|Any CPU
		{6566E3B4-46AF-4B90-8394-A3C3358B716F}.Release|Any CPU.ActiveCfg = Release|Any CPU
		{6566E3B4-46AF-4B90-8394-A3C3358B716F}.Release|Any CPU.Build.0 = Release|Any CPU
		{68C662EB-9E41-40B5-B1A9-31B27CF61C68}.Debug|Any CPU.ActiveCfg = Debug|Any CPU
		{68C662EB-9E41-40B5-B1A9-31B27CF61C68}.Debug|Any CPU.Build.0 = Debug|Any CPU
		{68C662EB-9E41-40B5-B1A9-31B27CF61C68}.Release|Any CPU.ActiveCfg = Release|Any CPU
		{68C662EB-9E41-40B5-B1A9-31B27CF61C68}.Release|Any CPU.Build.0 = Release|Any CPU
		{F06E5282-D44B-418D-BC20-BE04641E9536}.Debug|Any CPU.ActiveCfg = Debug|Any CPU
		{F06E5282-D44B-418D-BC20-BE04641E9536}.Debug|Any CPU.Build.0 = Debug|Any CPU
		{F06E5282-D44B-418D-BC20-BE04641E9536}.Release|Any CPU.ActiveCfg = Release|Any CPU
		{F06E5282-D44B-418D-BC20-BE04641E9536}.Release|Any CPU.Build.0 = Release|Any CPU
	EndGlobalSection
	GlobalSection(SolutionProperties) = preSolution
		HideSolutionNode = FALSE
	EndGlobalSection
	GlobalSection(ExtensibilityGlobals) = postSolution
		SolutionGuid = {311A5F44-6F49-4848-812A-DDABEF190016}
	EndGlobalSection
EndGlobal
