
Microsoft Visual Studio Solution File, Format Version 12.00
# Visual Studio Version 17
VisualStudioVersion = 17.13.35806.99 d17.13
MinimumVisualStudioVersion = 10.0.40219.1
Project("{FAE04EC0-301F-11D3-BF4B-00C04F79EFBC}") = "PresentationLayer", "PresentationLayer\PresentationLayer.csproj", "{FE415D34-FD0D-435C-BAEC-D38AE97434FD}"
EndProject
Project("{FAE04EC0-301F-11D3-BF4B-00C04F79EFBC}") = "BusinessLayer", "BusinessLayer\BusinessLayer.csproj", "{D5B4E876-164B-4CB0-82C9-4CA8465D791B}"
EndProject
Project("{FAE04EC0-301F-11D3-BF4B-00C04F79EFBC}") = "DataLayer", "DataLayer\DataLayer.csproj", "{CE32ECAE-58AC-42C1-ADA5-63C4F9A85C48}"
EndProject
Global
	GlobalSection(SolutionConfigurationPlatforms) = preSolution
		Debug|Any CPU = Debug|Any CPU
		Release|Any CPU = Release|Any CPU
	EndGlobalSection
	GlobalSection(ProjectConfigurationPlatforms) = postSolution
		{FE415D34-FD0D-435C-BAEC-D38AE97434FD}.Debug|Any CPU.ActiveCfg = Debug|Any CPU
		{FE415D34-FD0D-435C-BAEC-D38AE97434FD}.Debug|Any CPU.Build.0 = Debug|Any CPU
		{FE415D34-FD0D-435C-BAEC-D38AE97434FD}.Release|Any CPU.ActiveCfg = Release|Any CPU
		{FE415D34-FD0D-435C-BAEC-D38AE97434FD}.Release|Any CPU.Build.0 = Release|Any CPU
		{D5B4E876-164B-4CB0-82C9-4CA8465D791B}.Debug|Any CPU.ActiveCfg = Debug|Any CPU
		{D5B4E876-164B-4CB0-82C9-4CA8465D791B}.Debug|Any CPU.Build.0 = Debug|Any CPU
		{D5B4E876-164B-4CB0-82C9-4CA8465D791B}.Release|Any CPU.ActiveCfg = Release|Any CPU
		{D5B4E876-164B-4CB0-82C9-4CA8465D791B}.Release|Any CPU.Build.0 = Release|Any CPU
		{CE32ECAE-58AC-42C1-ADA5-63C4F9A85C48}.Debug|Any CPU.ActiveCfg = Debug|Any CPU
		{CE32ECAE-58AC-42C1-ADA5-63C4F9A85C48}.Debug|Any CPU.Build.0 = Debug|Any CPU
		{CE32ECAE-58AC-42C1-ADA5-63C4F9A85C48}.Release|Any CPU.ActiveCfg = Release|Any CPU
		{CE32ECAE-58AC-42C1-ADA5-63C4F9A85C48}.Release|Any CPU.Build.0 = Release|Any CPU
	EndGlobalSection
	GlobalSection(SolutionProperties) = preSolution
		HideSolutionNode = FALSE
	EndGlobalSection
	GlobalSection(ExtensibilityGlobals) = postSolution
		SolutionGuid = {311A5F44-6F49-4848-812A-DDABEF190016}
	EndGlobalSection
EndGlobal
